
Microsoft Visual Studio Solution File, Format Version 12.00
# Visual Studio 15
VisualStudioVersion = 15.0.27703.2042
MinimumVisualStudioVersion = 10.0.40219.1
Project("{FAE04EC0-301F-11D3-BF4B-00C04F79EFBC}") = "PolizaJuridica", "PolizaJuridica\PolizaJuridica.csproj", "{03CA20FC-4D27-473B-9AD8-D077174E60E7}"
EndProject
Global
	GlobalSection(SolutionConfigurationPlatforms) = preSolution
		Debug|Any CPU = Debug|Any CPU
		Release|Any CPU = Release|Any CPU
	EndGlobalSection
	GlobalSection(ProjectConfigurationPlatforms) = postSolution
		{03CA20FC-4D27-473B-9AD8-D077174E60E7}.Debug|Any CPU.ActiveCfg = Debug|Any CPU
		{03CA20FC-4D27-473B-9AD8-D077174E60E7}.Debug|Any CPU.Build.0 = Debug|Any CPU
		{03CA20FC-4D27-473B-9AD8-D077174E60E7}.Release|Any CPU.ActiveCfg = Release|Any CPU
		{03CA20FC-4D27-473B-9AD8-D077174E60E7}.Release|Any CPU.Build.0 = Release|Any CPU
	EndGlobalSection
	GlobalSection(SolutionProperties) = preSolution
		HideSolutionNode = FALSE
	EndGlobalSection
	GlobalSection(ExtensibilityGlobals) = postSolution
		SolutionGuid = {CF10CF68-CE08-4777-B124-6551D7EB5F55}
	EndGlobalSection
EndGlobal
